
Microsoft Visual Studio Solution File, Format Version 12.00
# Visual Studio Version 17
VisualStudioVersion = 17.3.32929.385
MinimumVisualStudioVersion = 10.0.40219.1
Project("{FAE04EC0-301F-11D3-BF4B-00C04F79EFBC}") = "TrafficVisualizer", "TrafficVisualizer.csproj", "{D63E8E11-852F-46EF-8E97-61770FF3D50E}"
EndProject
Global
	GlobalSection(SolutionConfigurationPlatforms) = preSolution
		Debug|Any CPU = Debug|Any CPU
		Release|Any CPU = Release|Any CPU
	EndGlobalSection
	GlobalSection(ProjectConfigurationPlatforms) = postSolution
		{D63E8E11-852F-46EF-8E97-61770FF3D50E}.Debug|Any CPU.ActiveCfg = Debug|Any CPU
		{D63E8E11-852F-46EF-8E97-61770FF3D50E}.Debug|Any CPU.Build.0 = Debug|Any CPU
		{D63E8E11-852F-46EF-8E97-61770FF3D50E}.Release|Any CPU.ActiveCfg = Release|Any CPU
		{D63E8E11-852F-46EF-8E97-61770FF3D50E}.Release|Any CPU.Build.0 = Release|Any CPU
	EndGlobalSection
	GlobalSection(SolutionProperties) = preSolution
		HideSolutionNode = FALSE
	EndGlobalSection
	GlobalSection(ExtensibilityGlobals) = postSolution
		SolutionGuid = {B393E242-09F0-40B1-8E76-712A4C496C30}
	EndGlobalSection
	GlobalSection(Performance) = preSolution
		HasPerformanceSessions = true
	EndGlobalSection
	GlobalSection(Performance) = preSolution
		HasPerformanceSessions = true
	EndGlobalSection
EndGlobal
