
Microsoft Visual Studio Solution File, Format Version 12.00
# Visual Studio Version 17
VisualStudioVersion = 17.4.33205.214
MinimumVisualStudioVersion = 10.0.40219.1
Project("{FAE04EC0-301F-11D3-BF4B-00C04F79EFBC}") = "TrafficCameraWS", "TrafficCameraWS.csproj", "{CCD7467C-ABFC-4F6D-AA62-3BD5690A6A10}"
EndProject
Global
	GlobalSection(SolutionConfigurationPlatforms) = preSolution
		Debug|Any CPU = Debug|Any CPU
		Release|Any CPU = Release|Any CPU
	EndGlobalSection
	GlobalSection(ProjectConfigurationPlatforms) = postSolution
		{CCD7467C-ABFC-4F6D-AA62-3BD5690A6A10}.Debug|Any CPU.ActiveCfg = Debug|Any CPU
		{CCD7467C-ABFC-4F6D-AA62-3BD5690A6A10}.Debug|Any CPU.Build.0 = Debug|Any CPU
		{CCD7467C-ABFC-4F6D-AA62-3BD5690A6A10}.Release|Any CPU.ActiveCfg = Release|Any CPU
		{CCD7467C-ABFC-4F6D-AA62-3BD5690A6A10}.Release|Any CPU.Build.0 = Release|Any CPU
	EndGlobalSection
	GlobalSection(SolutionProperties) = preSolution
		HideSolutionNode = FALSE
	EndGlobalSection
	GlobalSection(ExtensibilityGlobals) = postSolution
		SolutionGuid = {E390ECCE-357D-4550-ABB2-DE7D759C74EA}
	EndGlobalSection
EndGlobal
